{
    "_readme": [
        "This file locks the dependencies of your project to a known state",
        "Read more about it at https://getcomposer.org/doc/01-basic-usage.md#composer-lock-the-lock-file",
        "This file is @generated automatically"
    ],
    "hash": "2954d07f6c2730b413c7d0b6ec00f5ed",
    "content-hash": "928574da820ce088fbc72bbf1eb5abe4",
    "packages": [
        {
            "name": "simplon/mysql",
            "version": "dev-master",
            "source": {
                "type": "git",
                "url": "https://github.com/fightbulc/simplon_mysql.git",
                "reference": "9d9e9a1d38fabe7fc051a6d9fdedc72ec04a030d"
            },
            "dist": {
                "type": "zip",
                "url": "https://api.github.com/repos/fightbulc/simplon_mysql/zipball/9d9e9a1d38fabe7fc051a6d9fdedc72ec04a030d",
                "reference": "9d9e9a1d38fabe7fc051a6d9fdedc72ec04a030d",
                "shasum": ""
            },
            "require": {
                "ext-pdo": "*",
                "php": ">=5.4"
            },
            "type": "library",
            "autoload": {
                "psr-4": {
                    "Simplon\\Mysql\\": "src/"
                }
            },
            "notification-url": "https://packagist.org/downloads/",
            "license": [
                "MIT"
            ],
            "authors": [
                {
                    "name": "Tino Ehrich",
                    "email": "tino@bigpun.me",
                    "role": "developer"
                }
            ],
            "description": "Simplon MySQL Library",
            "homepage": "https://github.com/fightbulc/simplon_mysql",
            "keywords": [
                "db",
                "manager",
                "mysql",
                "pdo"
            ],
            "time": "2015-10-30 12:54:03"
        }
    ],
    "packages-dev": [],
    "aliases": [],
    "minimum-stability": "stable",
    "stability-flags": {
        "simplon/mysql": 20
    },
    "prefer-stable": false,
    "prefer-lowest": false,
    "platform": [],
    "platform-dev": []
}
